<Solution>
  <Folder Name="/src/">
    <Project Path="src/Pokedex.Api/Pokedex.Api.csproj" />
    <Project Path="src/Pokedex.Application/Pokedex.Application.csproj" />
    <Project Path="src/Pokedex.Domain/Pokedex.Domain.csproj" />
    <Project Path="src/Pokedex.Infrastructure/Pokedex.Infrastructure.csproj" />
  </Folder>
  <Folder Name="/tests/">
    <Project Path="tests/Pokedex.Tests/Pokedex.Tests.csproj" />
  </Folder>
</Solution>
